
Microsoft Visual Studio Solution File, Format Version 12.00
# Visual Studio Version 17
VisualStudioVersion = 17.9.34902.65
MinimumVisualStudioVersion = 10.0.40219.1
Project("{9A19103F-16F7-4668-BE54-9A1E7A4F7556}") = "DevelopersDen.API", "DevelopersDen.API\DevelopersDen.API.csproj", "{E5DE6826-875C-4052-99F9-1F5B7A5AFE31}"
EndProject
Project("{9A19103F-16F7-4668-BE54-9A1E7A4F7556}") = "DevelopersDen.Contracts", "DevelopersDen.Contracts\DevelopersDen.Contracts.csproj", "{B52F387B-877F-4E5D-82BC-94C328CE664C}"
EndProject
Project("{9A19103F-16F7-4668-BE54-9A1E7A4F7556}") = "DevelopersDen.Interfaces", "DevelopersDen.Interfaces\DevelopersDen.Interfaces.csproj", "{42F0C154-2D2A-430B-8303-F214513BE375}"
EndProject
Project("{9A19103F-16F7-4668-BE54-9A1E7A4F7556}") = "DevelopersDen.Library", "DevelopersDen.Library\DevelopersDen.Library.csproj", "{1129982E-155D-42A5-921B-44AC3DDE0A2F}"
EndProject
Project("{9A19103F-16F7-4668-BE54-9A1E7A4F7556}") = "DevelopersDen.DataAccess", "DevelopersDen.DataAccess\DevelopersDen.DataAccess.csproj", "{FC755F28-FC08-47D5-99D5-E9F755612501}"
EndProject
Project("{9A19103F-16F7-4668-BE54-9A1E7A4F7556}") = "DevelopersDen.Blanket", "DevelopersDen.Blanket\DevelopersDen.Blanket.csproj", "{13315A65-2F28-4584-B273-490AEBD81619}"
EndProject
Project("{54A90642-561A-4BB1-A94E-469ADEE60C69}") = "DevelopersDen.Client", "DevelopersDen.Client\DevelopersDen.Client.esproj", "{0D7BD7DB-218C-4862-8D8F-667B668179EB}"
EndProject
Project("{E53339B2-1760-4266-BCC7-CA923CBCF16C}") = "docker-compose", "docker-compose.dcproj", "{20E5F072-2DE3-4F7A-86D5-CDE31FB41D51}"
EndProject
Global
	GlobalSection(SolutionConfigurationPlatforms) = preSolution
		Debug|Any CPU = Debug|Any CPU
		Release|Any CPU = Release|Any CPU
	EndGlobalSection
	GlobalSection(ProjectConfigurationPlatforms) = postSolution
		{E5DE6826-875C-4052-99F9-1F5B7A5AFE31}.Debug|Any CPU.ActiveCfg = Debug|Any CPU
		{E5DE6826-875C-4052-99F9-1F5B7A5AFE31}.Debug|Any CPU.Build.0 = Debug|Any CPU
		{E5DE6826-875C-4052-99F9-1F5B7A5AFE31}.Release|Any CPU.ActiveCfg = Release|Any CPU
		{E5DE6826-875C-4052-99F9-1F5B7A5AFE31}.Release|Any CPU.Build.0 = Release|Any CPU
		{B52F387B-877F-4E5D-82BC-94C328CE664C}.Debug|Any CPU.ActiveCfg = Debug|Any CPU
		{B52F387B-877F-4E5D-82BC-94C328CE664C}.Debug|Any CPU.Build.0 = Debug|Any CPU
		{B52F387B-877F-4E5D-82BC-94C328CE664C}.Release|Any CPU.ActiveCfg = Release|Any CPU
		{B52F387B-877F-4E5D-82BC-94C328CE664C}.Release|Any CPU.Build.0 = Release|Any CPU
		{42F0C154-2D2A-430B-8303-F214513BE375}.Debug|Any CPU.ActiveCfg = Debug|Any CPU
		{42F0C154-2D2A-430B-8303-F214513BE375}.Debug|Any CPU.Build.0 = Debug|Any CPU
		{42F0C154-2D2A-430B-8303-F214513BE375}.Release|Any CPU.ActiveCfg = Release|Any CPU
		{42F0C154-2D2A-430B-8303-F214513BE375}.Release|Any CPU.Build.0 = Release|Any CPU
		{1129982E-155D-42A5-921B-44AC3DDE0A2F}.Debug|Any CPU.ActiveCfg = Debug|Any CPU
		{1129982E-155D-42A5-921B-44AC3DDE0A2F}.Debug|Any CPU.Build.0 = Debug|Any CPU
		{1129982E-155D-42A5-921B-44AC3DDE0A2F}.Release|Any CPU.ActiveCfg = Release|Any CPU
		{1129982E-155D-42A5-921B-44AC3DDE0A2F}.Release|Any CPU.Build.0 = Release|Any CPU
		{FC755F28-FC08-47D5-99D5-E9F755612501}.Debug|Any CPU.ActiveCfg = Debug|Any CPU
		{FC755F28-FC08-47D5-99D5-E9F755612501}.Debug|Any CPU.Build.0 = Debug|Any CPU
		{FC755F28-FC08-47D5-99D5-E9F755612501}.Release|Any CPU.ActiveCfg = Release|Any CPU
		{FC755F28-FC08-47D5-99D5-E9F755612501}.Release|Any CPU.Build.0 = Release|Any CPU
		{13315A65-2F28-4584-B273-490AEBD81619}.Debug|Any CPU.ActiveCfg = Debug|Any CPU
		{13315A65-2F28-4584-B273-490AEBD81619}.Debug|Any CPU.Build.0 = Debug|Any CPU
		{13315A65-2F28-4584-B273-490AEBD81619}.Release|Any CPU.ActiveCfg = Release|Any CPU
		{13315A65-2F28-4584-B273-490AEBD81619}.Release|Any CPU.Build.0 = Release|Any CPU
		{0D7BD7DB-218C-4862-8D8F-667B668179EB}.Debug|Any CPU.ActiveCfg = Debug|Any CPU
		{0D7BD7DB-218C-4862-8D8F-667B668179EB}.Debug|Any CPU.Build.0 = Debug|Any CPU
		{0D7BD7DB-218C-4862-8D8F-667B668179EB}.Debug|Any CPU.Deploy.0 = Debug|Any CPU
		{0D7BD7DB-218C-4862-8D8F-667B668179EB}.Release|Any CPU.ActiveCfg = Release|Any CPU
		{0D7BD7DB-218C-4862-8D8F-667B668179EB}.Release|Any CPU.Build.0 = Release|Any CPU
		{0D7BD7DB-218C-4862-8D8F-667B668179EB}.Release|Any CPU.Deploy.0 = Release|Any CPU
		{20E5F072-2DE3-4F7A-86D5-CDE31FB41D51}.Debug|Any CPU.ActiveCfg = Debug|Any CPU
		{20E5F072-2DE3-4F7A-86D5-CDE31FB41D51}.Debug|Any CPU.Build.0 = Debug|Any CPU
		{20E5F072-2DE3-4F7A-86D5-CDE31FB41D51}.Release|Any CPU.ActiveCfg = Release|Any CPU
		{20E5F072-2DE3-4F7A-86D5-CDE31FB41D51}.Release|Any CPU.Build.0 = Release|Any CPU
	EndGlobalSection
	GlobalSection(SolutionProperties) = preSolution
		HideSolutionNode = FALSE
	EndGlobalSection
	GlobalSection(ExtensibilityGlobals) = postSolution
		SolutionGuid = {9589ABDE-06AB-4FFC-A261-AE9211C426DF}
	EndGlobalSection
EndGlobal
